
Microsoft Visual Studio Solution File, Format Version 12.00
Project("{FAE04EC0-301F-11D3-BF4B-00C04F79EFBC}") = "aksjeapp-backend", "aksjeapp-backend\aksjeapp-backend.csproj", "{3185E3C0-B08E-43D0-B2C2-1E1A6D1341C3}"
EndProject
Global
	GlobalSection(SolutionConfigurationPlatforms) = preSolution
		Debug|Any CPU = Debug|Any CPU
		Release|Any CPU = Release|Any CPU
	EndGlobalSection
	GlobalSection(ProjectConfigurationPlatforms) = postSolution
		{3185E3C0-B08E-43D0-B2C2-1E1A6D1341C3}.Debug|Any CPU.ActiveCfg = Debug|Any CPU
		{3185E3C0-B08E-43D0-B2C2-1E1A6D1341C3}.Debug|Any CPU.Build.0 = Debug|Any CPU
		{3185E3C0-B08E-43D0-B2C2-1E1A6D1341C3}.Release|Any CPU.ActiveCfg = Release|Any CPU
		{3185E3C0-B08E-43D0-B2C2-1E1A6D1341C3}.Release|Any CPU.Build.0 = Release|Any CPU
	EndGlobalSection
EndGlobal
